
Microsoft Visual Studio Solution File, Format Version 12.00
# Visual Studio Version 17
VisualStudioVersion = 17.8.34525.116
MinimumVisualStudioVersion = 10.0.40219.1
Project("{FAE04EC0-301F-11D3-BF4B-00C04F79EFBC}") = "DeadfishParser", "DeadfishParser.csproj", "{272E8BB3-232C-491B-B996-EC8B71EA7DEB}"
EndProject
Global
	GlobalSection(SolutionConfigurationPlatforms) = preSolution
		Debug|Any CPU = Debug|Any CPU
		Release|Any CPU = Release|Any CPU
	EndGlobalSection
	GlobalSection(ProjectConfigurationPlatforms) = postSolution
		{272E8BB3-232C-491B-B996-EC8B71EA7DEB}.Debug|Any CPU.ActiveCfg = Debug|Any CPU
		{272E8BB3-232C-491B-B996-EC8B71EA7DEB}.Debug|Any CPU.Build.0 = Debug|Any CPU
		{272E8BB3-232C-491B-B996-EC8B71EA7DEB}.Release|Any CPU.ActiveCfg = Release|Any CPU
		{272E8BB3-232C-491B-B996-EC8B71EA7DEB}.Release|Any CPU.Build.0 = Release|Any CPU
	EndGlobalSection
	GlobalSection(SolutionProperties) = preSolution
		HideSolutionNode = FALSE
	EndGlobalSection
	GlobalSection(ExtensibilityGlobals) = postSolution
		SolutionGuid = {2A1FB577-DB37-4630-BCBE-5360FFEE0892}
	EndGlobalSection
EndGlobal
